
Microsoft Visual Studio Solution File, Format Version 12.00
# Visual Studio Version 17
VisualStudioVersion = 17.13.35919.96
MinimumVisualStudioVersion = 10.0.40219.1
Project("{FAE04EC0-301F-11D3-BF4B-00C04F79EFBC}") = "MicroOndas.DataBase", "MicroOndas.DataBase\MicroOndas.DataBase.csproj", "{734D7187-F0E7-4A8E-B6E0-6E4CE9D043E8}"
EndProject
Project("{FAE04EC0-301F-11D3-BF4B-00C04F79EFBC}") = "MicroOndas.Testes", "MicroOndas.Testes\MicroOndas.Testes.csproj", "{3A261210-3596-4883-8DD5-D47C751357D8}"
EndProject
Project("{FAE04EC0-301F-11D3-BF4B-00C04F79EFBC}") = "MicroOndas.Public", "MicroOndas.Public\MicroOndas.Public.csproj", "{D5DD0D6C-0073-4643-BE7A-386F466093EB}"
EndProject
Project("{FAE04EC0-301F-11D3-BF4B-00C04F79EFBC}") = "MicroOndas.Business", "MicroOndas.Business\MicroOndas.Business.csproj", "{536E090B-6332-4B71-ABB6-5BF72E6DCB25}"
EndProject
Project("{FAE04EC0-301F-11D3-BF4B-00C04F79EFBC}") = "MicroOndas.Interface", "MicroOndas.Interface\MicroOndas.Interface.csproj", "{AD712313-7A97-4771-81D1-3F7A9BC35791}"
EndProject
Global
	GlobalSection(SolutionConfigurationPlatforms) = preSolution
		Debug|Any CPU = Debug|Any CPU
		Release|Any CPU = Release|Any CPU
	EndGlobalSection
	GlobalSection(ProjectConfigurationPlatforms) = postSolution
		{734D7187-F0E7-4A8E-B6E0-6E4CE9D043E8}.Debug|Any CPU.ActiveCfg = Debug|Any CPU
		{734D7187-F0E7-4A8E-B6E0-6E4CE9D043E8}.Debug|Any CPU.Build.0 = Debug|Any CPU
		{734D7187-F0E7-4A8E-B6E0-6E4CE9D043E8}.Release|Any CPU.ActiveCfg = Release|Any CPU
		{734D7187-F0E7-4A8E-B6E0-6E4CE9D043E8}.Release|Any CPU.Build.0 = Release|Any CPU
		{3A261210-3596-4883-8DD5-D47C751357D8}.Debug|Any CPU.ActiveCfg = Debug|Any CPU
		{3A261210-3596-4883-8DD5-D47C751357D8}.Debug|Any CPU.Build.0 = Debug|Any CPU
		{3A261210-3596-4883-8DD5-D47C751357D8}.Release|Any CPU.ActiveCfg = Release|Any CPU
		{3A261210-3596-4883-8DD5-D47C751357D8}.Release|Any CPU.Build.0 = Release|Any CPU
		{D5DD0D6C-0073-4643-BE7A-386F466093EB}.Debug|Any CPU.ActiveCfg = Debug|Any CPU
		{D5DD0D6C-0073-4643-BE7A-386F466093EB}.Debug|Any CPU.Build.0 = Debug|Any CPU
		{D5DD0D6C-0073-4643-BE7A-386F466093EB}.Release|Any CPU.ActiveCfg = Release|Any CPU
		{D5DD0D6C-0073-4643-BE7A-386F466093EB}.Release|Any CPU.Build.0 = Release|Any CPU
		{536E090B-6332-4B71-ABB6-5BF72E6DCB25}.Debug|Any CPU.ActiveCfg = Debug|Any CPU
		{536E090B-6332-4B71-ABB6-5BF72E6DCB25}.Debug|Any CPU.Build.0 = Debug|Any CPU
		{536E090B-6332-4B71-ABB6-5BF72E6DCB25}.Release|Any CPU.ActiveCfg = Release|Any CPU
		{536E090B-6332-4B71-ABB6-5BF72E6DCB25}.Release|Any CPU.Build.0 = Release|Any CPU
		{AD712313-7A97-4771-81D1-3F7A9BC35791}.Debug|Any CPU.ActiveCfg = Debug|Any CPU
		{AD712313-7A97-4771-81D1-3F7A9BC35791}.Debug|Any CPU.Build.0 = Debug|Any CPU
		{AD712313-7A97-4771-81D1-3F7A9BC35791}.Release|Any CPU.ActiveCfg = Release|Any CPU
		{AD712313-7A97-4771-81D1-3F7A9BC35791}.Release|Any CPU.Build.0 = Release|Any CPU
	EndGlobalSection
	GlobalSection(SolutionProperties) = preSolution
		HideSolutionNode = FALSE
	EndGlobalSection
	GlobalSection(ExtensibilityGlobals) = postSolution
		SolutionGuid = {706C6265-DA4E-4540-9D91-413D87A3978E}
	EndGlobalSection
EndGlobal
